{
    "_readme": [
        "This file locks the dependencies of your project to a known state",
        "Read more about it at https://getcomposer.org/doc/01-basic-usage.md#installing-dependencies",
        "This file is @generated automatically"
    ],
    "content-hash": "f25453d1b5f7aa4f7f188849cdf83ddd",
    "packages": [
        {
            "name": "nyholm/dsn",
            "version": "2.0.1",
            "source": {
                "type": "git",
                "url": "https://github.com/Nyholm/dsn.git",
                "reference": "9445621b426bac8c0ca161db8cd700da00a4e618"
            },
            "dist": {
                "type": "zip",
                "url": "https://api.github.com/repos/Nyholm/dsn/zipball/9445621b426bac8c0ca161db8cd700da00a4e618",
                "reference": "9445621b426bac8c0ca161db8cd700da00a4e618",
                "shasum": ""
            },
            "require": {
                "php": ">=7.1"
            },
            "require-dev": {
                "symfony/phpunit-bridge": "^5.1"
            },
            "type": "library",
            "extra": {
                "branch-alias": {
                    "dev-master": "2.0-dev"
                }
            },
            "autoload": {
                "psr-4": {
                    "Nyholm\\Dsn\\": "src/"
                }
            },
            "notification-url": "https://packagist.org/downloads/",
            "license": [
                "MIT"
            ],
            "authors": [
                {
                    "name": "Tobias Nyholm",
                    "email": "tobias.nyholm@gmail.com"
                }
            ],
            "description": "Parse your DSN strings in a powerful and flexible way",
            "homepage": "http://tnyholm.se",
            "keywords": [
                "database",
                "dsn",
                "dsn parser",
                "parser"
            ],
            "support": {
                "issues": "https://github.com/Nyholm/dsn/issues",
                "source": "https://github.com/Nyholm/dsn/tree/2.0.1"
            },
            "funding": [
                {
                    "url": "https://github.com/Nyholm",
                    "type": "github"
                }
            ],
            "time": "2021-11-18T09:23:29+00:00"
        },
        {
            "name": "symfony/polyfill-php73",
            "version": "v1.27.0",
            "source": {
                "type": "git",
                "url": "https://github.com/symfony/polyfill-php73.git",
                "reference": "9e8ecb5f92152187c4799efd3c96b78ccab18ff9"
            },
            "dist": {
                "type": "zip",
                "url": "https://api.github.com/repos/symfony/polyfill-php73/zipball/9e8ecb5f92152187c4799efd3c96b78ccab18ff9",
                "reference": "9e8ecb5f92152187c4799efd3c96b78ccab18ff9",
                "shasum": ""
            },
            "require": {
                "php": ">=7.1"
            },
            "type": "library",
            "extra": {
                "branch-alias": {
                    "dev-main": "1.27-dev"
                },
                "thanks": {
                    "name": "symfony/polyfill",
                    "url": "https://github.com/symfony/polyfill"
                }
            },
            "autoload": {
                "files": [
                    "bootstrap.php"
                ],
                "psr-4": {
                    "Symfony\\Polyfill\\Php73\\": ""
                },
                "classmap": [
                    "Resources/stubs"
                ]
            },
            "notification-url": "https://packagist.org/downloads/",
            "license": [
                "MIT"
            ],
            "authors": [
                {
                    "name": "Nicolas Grekas",
                    "email": "p@tchwork.com"
                },
                {
                    "name": "Symfony Community",
                    "homepage": "https://symfony.com/contributors"
                }
            ],
            "description": "Symfony polyfill backporting some PHP 7.3+ features to lower PHP versions",
            "homepage": "https://symfony.com",
            "keywords": [
                "compatibility",
                "polyfill",
                "portable",
                "shim"
            ],
            "support": {
                "source": "https://github.com/symfony/polyfill-php73/tree/v1.27.0"
            },
            "funding": [
                {
                    "url": "https://symfony.com/sponsor",
                    "type": "custom"
                },
                {
                    "url": "https://github.com/fabpot",
                    "type": "github"
                },
                {
                    "url": "https://tidelift.com/funding/github/packagist/symfony/symfony",
                    "type": "tidelift"
                }
            ],
            "time": "2022-11-03T14:55:06+00:00"
        },
        {
            "name": "vimeo/php-mysql-engine",
            "version": "0.6.1",
            "source": {
                "type": "git",
                "url": "https://github.com/vimeo/php-mysql-engine.git",
                "reference": "1b71076d6ba68a8c2588ac5f57321b0f39bc69e0"
            },
            "dist": {
                "type": "zip",
                "url": "https://api.github.com/repos/vimeo/php-mysql-engine/zipball/1b71076d6ba68a8c2588ac5f57321b0f39bc69e0",
                "reference": "1b71076d6ba68a8c2588ac5f57321b0f39bc69e0",
                "shasum": ""
            },
            "require": {
                "ext-pdo": "*",
                "nyholm/dsn": "^2.0",
                "php": "^7.1|^8",
                "symfony/polyfill-php73": "^1.22"
            },
            "require-dev": {
                "phpunit/phpunit": "^9.5",
                "squizlabs/php_codesniffer": "^3.5",
                "vimeo/psalm": "^4.6"
            },
            "type": "library",
            "autoload": {
                "psr-4": {
                    "Vimeo\\MysqlEngine\\": "src"
                }
            },
            "notification-url": "https://packagist.org/downloads/",
            "license": [
                "MIT"
            ],
            "authors": [
                {
                    "name": "Scott Sandler",
                    "email": "ssandler@slack-corp.com"
                },
                {
                    "name": "Matt Brown",
                    "email": "github@muglug.com"
                }
            ],
            "description": "A MySQL engine written in PHP for speeding up tests",
            "support": {
                "source": "https://github.com/vimeo/php-mysql-engine/tree/0.6.1"
            },
            "time": "2023-02-09T23:06:41+00:00"
        }
    ],
    "packages-dev": [],
    "aliases": [],
    "minimum-stability": "stable",
    "stability-flags": [],
    "prefer-stable": false,
    "prefer-lowest": false,
    "platform": {
        "ext-pdo": "*"
    },
    "platform-dev": [],
    "plugin-api-version": "2.3.0"
}
